
Microsoft Visual Studio Solution File, Format Version 12.00
# Visual Studio Version 17
VisualStudioVersion = 17.0.32112.339
MinimumVisualStudioVersion = 10.0.40219.1
Project("{FAE04EC0-301F-11D3-BF4B-00C04F79EFBC}") = "QuickQuestion", "QuickQuestion\QuickQuestion.csproj", "{01E7F060-A9AC-45EA-B4A2-090605C771FE}"
EndProject
Global
	GlobalSection(SolutionConfigurationPlatforms) = preSolution
		Debug|Any CPU = Debug|Any CPU
		Release|Any CPU = Release|Any CPU
	EndGlobalSection
	GlobalSection(ProjectConfigurationPlatforms) = postSolution
		{01E7F060-A9AC-45EA-B4A2-090605C771FE}.Debug|Any CPU.ActiveCfg = Debug|Any CPU
		{01E7F060-A9AC-45EA-B4A2-090605C771FE}.Debug|Any CPU.Build.0 = Debug|Any CPU
		{01E7F060-A9AC-45EA-B4A2-090605C771FE}.Release|Any CPU.ActiveCfg = Release|Any CPU
		{01E7F060-A9AC-45EA-B4A2-090605C771FE}.Release|Any CPU.Build.0 = Release|Any CPU
	EndGlobalSection
	GlobalSection(SolutionProperties) = preSolution
		HideSolutionNode = FALSE
	EndGlobalSection
	GlobalSection(ExtensibilityGlobals) = postSolution
		SolutionGuid = {325B05BF-74A2-46AC-8D19-E6FF7CA56B5D}
	EndGlobalSection
EndGlobal
